// !$*UTF8*$!
{
	archiveVersion = 1;
	classes = {
	};
	objectVersion = 46;
	objects = {

/* Begin PBXBuildFile section */
		66FB70051F3968080095B32E /* AppDelegate.m in Sources */ = {isa = PBXBuildFile; fileRef = 66FB70041F3968080095B32E /* AppDelegate.m */; };
		66FB70081F3968080095B32E /* main.m in Sources */ = {isa = PBXBuildFile; fileRef = 66FB70071F3968080095B32E /* main.m */; };
		66FB700B1F3968080095B32E /* ViewController.m in Sources */ = {isa = PBXBuildFile; fileRef = 66FB700A1F3968080095B32E /* ViewController.m */; };
		66FB700D1F3968080095B32E /* Assets.xcassets in Resources */ = {isa = PBXBuildFile; fileRef = 66FB700C1F3968080095B32E /* Assets.xcassets */; };
		66FB70101F3968080095B32E /* Main.storyboard in Resources */ = {isa = PBXBuildFile; fileRef = 66FB700E1F3968080095B32E /* Main.storyboard */; };
		66FB70191F39BEC80095B32E /* tree.m in Sources */ = {isa = PBXBuildFile; fileRef = 66FB70181F39BEC80095B32E /* tree.m */; };
		66FB701D1F3AF4B70095B32E /* THNAbandonedCodeSourceFinder.m in Sources */ = {isa = PBXBuildFile; fileRef = 66FB701C1F3AF4B70095B32E /* THNAbandonedCodeSourceFinder.m */; };
/* End PBXBuildFile section */

/* Begin PBXFileReference section */
		66FB70001F3968080095B32E /* THNAbandonedCodeSourceFinder.app */ = {isa = PBXFileReference; explicitFileType = wrapper.application; includeInIndex = 0; path = THNAbandonedCodeSourceFinder.app; sourceTree = BUILT_PRODUCTS_DIR; };
		66FB70031F3968080095B32E /* AppDelegate.h */ = {isa = PBXFileReference; lastKnownFileType = sourcecode.c.h; path = AppDelegate.h; sourceTree = "<group>"; };
		66FB70041F3968080095B32E /* AppDelegate.m */ = {isa = PBXFileReference; lastKnownFileType = sourcecode.c.objc; path = AppDelegate.m; sourceTree = "<group>"; };
		66FB70071F3968080095B32E /* main.m */ = {isa = PBXFileReference; lastKnownFileType = sourcecode.c.objc; path = main.m; sourceTree = "<group>"; };
		66FB70091F3968080095B32E /* ViewController.h */ = {isa = PBXFileReference; lastKnownFileType = sourcecode.c.h; path = ViewController.h; sourceTree = "<group>"; };
		66FB700A1F3968080095B32E /* ViewController.m */ = {isa = PBXFileReference; lastKnownFileType = sourcecode.c.objc; path = ViewController.m; sourceTree = "<group>"; };
		66FB700C1F3968080095B32E /* Assets.xcassets */ = {isa = PBXFileReference; lastKnownFileType = folder.assetcatalog; path = Assets.xcassets; sourceTree = "<group>"; };
		66FB700F1F3968080095B32E /* Base */ = {isa = PBXFileReference; lastKnownFileType = file.storyboard; name = Base; path = Base.lproj/Main.storyboard; sourceTree = "<group>"; };
		66FB70111F3968080095B32E /* Info.plist */ = {isa = PBXFileReference; lastKnownFileType = text.plist.xml; path = Info.plist; sourceTree = "<group>"; };
		66FB70171F39BEC80095B32E /* tree.h */ = {isa = PBXFileReference; fileEncoding = 4; lastKnownFileType = sourcecode.c.h; path = tree.h; sourceTree = "<group>"; };
		66FB70181F39BEC80095B32E /* tree.m */ = {isa = PBXFileReference; fileEncoding = 4; lastKnownFileType = sourcecode.c.objc; path = tree.m; sourceTree = "<group>"; };
		66FB701B1F3AF4B70095B32E /* THNAbandonedCodeSourceFinder.h */ = {isa = PBXFileReference; fileEncoding = 4; lastKnownFileType = sourcecode.c.h; path = THNAbandonedCodeSourceFinder.h; sourceTree = "<group>"; };
		66FB701C1F3AF4B70095B32E /* THNAbandonedCodeSourceFinder.m */ = {isa = PBXFileReference; fileEncoding = 4; lastKnownFileType = sourcecode.c.objc; path = THNAbandonedCodeSourceFinder.m; sourceTree = "<group>"; };
/* End PBXFileReference section */

/* Begin PBXFrameworksBuildPhase section */
		66FB6FFD1F3968080095B32E /* Frameworks */ = {
			isa = PBXFrameworksBuildPhase;
			buildActionMask = 2147483647;
			files = (
			);
			runOnlyForDeploymentPostprocessing = 0;
		};
/* End PBXFrameworksBuildPhase section */

/* Begin PBXGroup section */
		66FB6FF71F3968080095B32E = {
			isa = PBXGroup;
			children = (
				66FB70021F3968080095B32E /* THNAbandonedCodeSourceFinder */,
				66FB70011F3968080095B32E /* Products */,
			);
			sourceTree = "<group>";
		};
		66FB70011F3968080095B32E /* Products */ = {
			isa = PBXGroup;
			children = (
				66FB70001F3968080095B32E /* THNAbandonedCodeSourceFinder.app */,
			);
			name = Products;
			sourceTree = "<group>";
		};
		66FB70021F3968080095B32E /* THNAbandonedCodeSourceFinder */ = {
			isa = PBXGroup;
			children = (
				66FB701A1F3AF4810095B32E /* SRC */,
				66FB70031F3968080095B32E /* AppDelegate.h */,
				66FB70041F3968080095B32E /* AppDelegate.m */,
				66FB70091F3968080095B32E /* ViewController.h */,
				66FB700A1F3968080095B32E /* ViewController.m */,
				66FB700C1F3968080095B32E /* Assets.xcassets */,
				66FB700E1F3968080095B32E /* Main.storyboard */,
				66FB70111F3968080095B32E /* Info.plist */,
				66FB70061F3968080095B32E /* Supporting Files */,
				66FB70171F39BEC80095B32E /* tree.h */,
				66FB70181F39BEC80095B32E /* tree.m */,
			);
			path = THNAbandonedCodeSourceFinder;
			sourceTree = "<group>";
		};
		66FB70061F3968080095B32E /* Supporting Files */ = {
			isa = PBXGroup;
			children = (
				66FB70071F3968080095B32E /* main.m */,
			);
			name = "Supporting Files";
			sourceTree = "<group>";
		};
		66FB701A1F3AF4810095B32E /* SRC */ = {
			isa = PBXGroup;
			children = (
				66FB701B1F3AF4B70095B32E /* THNAbandonedCodeSourceFinder.h */,
				66FB701C1F3AF4B70095B32E /* THNAbandonedCodeSourceFinder.m */,
			);
			path = SRC;
			sourceTree = "<group>";
		};
/* End PBXGroup section */

/* Begin PBXNativeTarget section */
		66FB6FFF1F3968080095B32E /* THNAbandonedCodeSourceFinder */ = {
			isa = PBXNativeTarget;
			buildConfigurationList = 66FB70141F3968080095B32E /* Build configuration list for PBXNativeTarget "THNAbandonedCodeSourceFinder" */;
			buildPhases = (
				66FB6FFC1F3968080095B32E /* Sources */,
				66FB6FFD1F3968080095B32E /* Frameworks */,
				66FB6FFE1F3968080095B32E /* Resources */,
			);
			buildRules = (
			);
			dependencies = (
			);
			name = THNAbandonedCodeSourceFinder;
			productName = THNAbandonedCodeSourceFinder;
			productReference = 66FB70001F3968080095B32E /* THNAbandonedCodeSourceFinder.app */;
			productType = "com.apple.product-type.application";
		};
/* End PBXNativeTarget section */

/* Begin PBXProject section */
		66FB6FF81F3968080095B32E /* Project object */ = {
			isa = PBXProject;
			attributes = {
				LastUpgradeCheck = 0830;
				ORGANIZATIONNAME = h;
				TargetAttributes = {
					66FB6FFF1F3968080095B32E = {
						CreatedOnToolsVersion = 8.3.3;
						DevelopmentTeam = 6L487DE3GB;
						ProvisioningStyle = Automatic;
					};
				};
			};
			buildConfigurationList = 66FB6FFB1F3968080095B32E /* Build configuration list for PBXProject "THNAbandonedCodeSourceFinder" */;
			compatibilityVersion = "Xcode 3.2";
			developmentRegion = English;
			hasScannedForEncodings = 0;
			knownRegions = (
				en,
				Base,
			);
			mainGroup = 66FB6FF71F3968080095B32E;
			productRefGroup = 66FB70011F3968080095B32E /* Products */;
			projectDirPath = "";
			projectRoot = "";
			targets = (
				66FB6FFF1F3968080095B32E /* THNAbandonedCodeSourceFinder */,
			);
		};
/* End PBXProject section */

/* Begin PBXResourcesBuildPhase section */
		66FB6FFE1F3968080095B32E /* Resources */ = {
			isa = PBXResourcesBuildPhase;
			buildActionMask = 2147483647;
			files = (
				66FB700D1F3968080095B32E /* Assets.xcassets in Resources */,
				66FB70101F3968080095B32E /* Main.storyboard in Resources */,
			);
			runOnlyForDeploymentPostprocessing = 0;
		};
/* End PBXResourcesBuildPhase section */

/* Begin PBXSourcesBuildPhase section */
		66FB6FFC1F3968080095B32E /* Sources */ = {
			isa = PBXSourcesBuildPhase;
			buildActionMask = 2147483647;
			files = (
				66FB700B1F3968080095B32E /* ViewController.m in Sources */,
				66FB70191F39BEC80095B32E /* tree.m in Sources */,
				66FB70081F3968080095B32E /* main.m in Sources */,
				66FB70051F3968080095B32E /* AppDelegate.m in Sources */,
				66FB701D1F3AF4B70095B32E /* THNAbandonedCodeSourceFinder.m in Sources */,
			);
			runOnlyForDeploymentPostprocessing = 0;
		};
/* End PBXSourcesBuildPhase section */

/* Begin PBXVariantGroup section */
		66FB700E1F3968080095B32E /* Main.storyboard */ = {
			isa = PBXVariantGroup;
			children = (
				66FB700F1F3968080095B32E /* Base */,
			);
			name = Main.storyboard;
			sourceTree = "<group>";
		};
/* End PBXVariantGroup section */

/* Begin XCBuildConfiguration section */
		66FB70121F3968080095B32E /* Debug */ = {
			isa = XCBuildConfiguration;
			buildSettings = {
				ALWAYS_SEARCH_USER_PATHS = NO;
				CLANG_ANALYZER_NONNULL = YES;
				CLANG_ANALYZER_NUMBER_OBJECT_CONVERSION = YES_AGGRESSIVE;
				CLANG_CXX_LANGUAGE_STANDARD = "gnu++0x";
				CLANG_CXX_LIBRARY = "libc++";
				CLANG_ENABLE_MODULES = YES;
				CLANG_ENABLE_OBJC_ARC = YES;
				CLANG_WARN_BOOL_CONVERSION = YES;
				CLANG_WARN_CONSTANT_CONVERSION = YES;
				CLANG_WARN_DIRECT_OBJC_ISA_USAGE = YES_ERROR;
				CLANG_WARN_DOCUMENTATION_COMMENTS = YES;
				CLANG_WARN_EMPTY_BODY = YES;
				CLANG_WARN_ENUM_CONVERSION = YES;
				CLANG_WARN_INFINITE_RECURSION = YES;
				CLANG_WARN_INT_CONVERSION = YES;
				CLANG_WARN_OBJC_ROOT_CLASS = YES_ERROR;
				CLANG_WARN_SUSPICIOUS_MOVE = YES;
				CLANG_WARN_UNREACHABLE_CODE = YES;
				CLANG_WARN__DUPLICATE_METHOD_MATCH = YES;
				CODE_SIGN_IDENTITY = "-";
				COPY_PHASE_STRIP = NO;
				DEBUG_INFORMATION_FORMAT = dwarf;
				ENABLE_STRICT_OBJC_MSGSEND = YES;
				ENABLE_TESTABILITY = YES;
				GCC_C_LANGUAGE_STANDARD = gnu99;
				GCC_DYNAMIC_NO_PIC = NO;
				GCC_NO_COMMON_BLOCKS = YES;
				GCC_OPTIMIZATION_LEVEL = 0;
				GCC_PREPROCESSOR_DEFINITIONS = (
					"DEBUG=1",
					"$(inherited)",
				);
				GCC_WARN_64_TO_32_BIT_CONVERSION = YES;
				GCC_WARN_ABOUT_RETURN_TYPE = YES_ERROR;
				GCC_WARN_UNDECLARED_SELECTOR = YES;
				GCC_WARN_UNINITIALIZED_AUTOS = YES_AGGRESSIVE;
				GCC_WARN_UNUSED_FUNCTION = YES;
				GCC_WARN_UNUSED_VARIABLE = YES;
				MACOSX_DEPLOYMENT_TARGET = 10.12;
				MTL_ENABLE_DEBUG_INFO = YES;
				ONLY_ACTIVE_ARCH = YES;
				SDKROOT = macosx;
			};
			name = Debug;
		};
		66FB70131F3968080095B32E /* Release */ = {
			isa = XCBuildConfiguration;
			buildSettings = {
				ALWAYS_SEARCH_USER_PATHS = NO;
				CLANG_ANALYZER_NONNULL = YES;
				CLANG_ANALYZER_NUMBER_OBJECT_CONVERSION = YES_AGGRESSIVE;
				CLANG_CXX_LANGUAGE_STANDARD = "gnu++0x";
				CLANG_CXX_LIBRARY = "libc++";
				CLANG_ENABLE_MODULES = YES;
				CLANG_ENABLE_OBJC_ARC = YES;
				CLANG_WARN_BOOL_CONVERSION = YES;
				CLANG_WARN_CONSTANT_CONVERSION = YES;
				CLANG_WARN_DIRECT_OBJC_ISA_USAGE = YES_ERROR;
				CLANG_WARN_DOCUMENTATION_COMMENTS = YES;
				CLANG_WARN_EMPTY_BODY = YES;
				CLANG_WARN_ENUM_CONVERSION = YES;
				CLANG_WARN_INFINITE_RECURSION = YES;
				CLANG_WARN_INT_CONVERSION = YES;
				CLANG_WARN_OBJC_ROOT_CLASS = YES_ERROR;
				CLANG_WARN_SUSPICIOUS_MOVE = YES;
				CLANG_WARN_UNREACHABLE_CODE = YES;
				CLANG_WARN__DUPLICATE_METHOD_MATCH = YES;
				CODE_SIGN_IDENTITY = "-";
				COPY_PHASE_STRIP = NO;
				DEBUG_INFORMATION_FORMAT = "dwarf-with-dsym";
				ENABLE_NS_ASSERTIONS = NO;
				ENABLE_STRICT_OBJC_MSGSEND = YES;
				GCC_C_LANGUAGE_STANDARD = gnu99;
				GCC_NO_COMMON_BLOCKS = YES;
				GCC_WARN_64_TO_32_BIT_CONVERSION = YES;
				GCC_WARN_ABOUT_RETURN_TYPE = YES_ERROR;
				GCC_WARN_UNDECLARED_SELECTOR = YES;
				GCC_WARN_UNINITIALIZED_AUTOS = YES_AGGRESSIVE;
				GCC_WARN_UNUSED_FUNCTION = YES;
				GCC_WARN_UNUSED_VARIABLE = YES;
				MACOSX_DEPLOYMENT_TARGET = 10.12;
				MTL_ENABLE_DEBUG_INFO = NO;
				SDKROOT = macosx;
			};
			name = Release;
		};
		66FB70151F3968080095B32E /* Debug */ = {
			isa = XCBuildConfiguration;
			buildSettings = {
				ASSETCATALOG_COMPILER_APPICON_NAME = AppIcon;
				COMBINE_HIDPI_IMAGES = YES;
				DEVELOPMENT_TEAM = 6L487DE3GB;
				INFOPLIST_FILE = THNAbandonedCodeSourceFinder/Info.plist;
				LD_RUNPATH_SEARCH_PATHS = "$(inherited) @executable_path/../Frameworks";
				PRODUCT_BUNDLE_IDENTIFIER = h.THNAbandonedCodeSourceFinder;
				PRODUCT_NAME = "$(TARGET_NAME)";
			};
			name = Debug;
		};
		66FB70161F3968080095B32E /* Release */ = {
			isa = XCBuildConfiguration;
			buildSettings = {
				ASSETCATALOG_COMPILER_APPICON_NAME = AppIcon;
				COMBINE_HIDPI_IMAGES = YES;
				DEVELOPMENT_TEAM = 6L487DE3GB;
				INFOPLIST_FILE = THNAbandonedCodeSourceFinder/Info.plist;
				LD_RUNPATH_SEARCH_PATHS = "$(inherited) @executable_path/../Frameworks";
				PRODUCT_BUNDLE_IDENTIFIER = h.THNAbandonedCodeSourceFinder;
				PRODUCT_NAME = "$(TARGET_NAME)";
			};
			name = Release;
		};
/* End XCBuildConfiguration section */

/* Begin XCConfigurationList section */
		66FB6FFB1F3968080095B32E /* Build configuration list for PBXProject "THNAbandonedCodeSourceFinder" */ = {
			isa = XCConfigurationList;
			buildConfigurations = (
				66FB70121F3968080095B32E /* Debug */,
				66FB70131F3968080095B32E /* Release */,
			);
			defaultConfigurationIsVisible = 0;
			defaultConfigurationName = Release;
		};
		66FB70141F3968080095B32E /* Build configuration list for PBXNativeTarget "THNAbandonedCodeSourceFinder" */ = {
			isa = XCConfigurationList;
			buildConfigurations = (
				66FB70151F3968080095B32E /* Debug */,
				66FB70161F3968080095B32E /* Release */,
			);
			defaultConfigurationIsVisible = 0;
			defaultConfigurationName = Release;
		};
/* End XCConfigurationList section */
	};
	rootObject = 66FB6FF81F3968080095B32E /* Project object */;
}
